
Microsoft Visual Studio Solution File, Format Version 12.00
# Visual Studio Version 17
VisualStudioVersion = 17.4.33403.182
MinimumVisualStudioVersion = 10.0.40219.1
Project("{9A19103F-16F7-4668-BE54-9A1E7A4F7556}") = "Lab4_sem4", "Lab4_sem4\Lab4_sem4.csproj", "{CAF337A3-A91B-48B6-9ED9-2708F891649C}"
EndProject
Global
	GlobalSection(SolutionConfigurationPlatforms) = preSolution
		Debug|Any CPU = Debug|Any CPU
		Release|Any CPU = Release|Any CPU
	EndGlobalSection
	GlobalSection(ProjectConfigurationPlatforms) = postSolution
		{CAF337A3-A91B-48B6-9ED9-2708F891649C}.Debug|Any CPU.ActiveCfg = Debug|Any CPU
		{CAF337A3-A91B-48B6-9ED9-2708F891649C}.Debug|Any CPU.Build.0 = Debug|Any CPU
		{CAF337A3-A91B-48B6-9ED9-2708F891649C}.Release|Any CPU.ActiveCfg = Release|Any CPU
		{CAF337A3-A91B-48B6-9ED9-2708F891649C}.Release|Any CPU.Build.0 = Release|Any CPU
	EndGlobalSection
	GlobalSection(SolutionProperties) = preSolution
		HideSolutionNode = FALSE
	EndGlobalSection
	GlobalSection(ExtensibilityGlobals) = postSolution
		SolutionGuid = {8FFD2378-B99F-4F3A-8028-472B517E9DD5}
	EndGlobalSection
EndGlobal
